
Microsoft Visual Studio Solution File, Format Version 12.00
# Visual Studio Version 17
VisualStudioVersion = 17.8.34525.116
MinimumVisualStudioVersion = 10.0.40219.1
Project("{FAE04EC0-301F-11D3-BF4B-00C04F79EFBC}") = "ProcedimentosI", "ConsoleAppIX\ProcedimentosI.csproj", "{4CDD2545-5D46-4044-848C-92ACD6EE3293}"
EndProject
Project("{FAE04EC0-301F-11D3-BF4B-00C04F79EFBC}") = "ProcedimentosII", "ProcedimentosII\ProcedimentosII.csproj", "{BE755F43-07CF-4284-80AD-F3502DE184C9}"
EndProject
Global
	GlobalSection(SolutionConfigurationPlatforms) = preSolution
		Debug|Any CPU = Debug|Any CPU
		Release|Any CPU = Release|Any CPU
	EndGlobalSection
	GlobalSection(ProjectConfigurationPlatforms) = postSolution
		{4CDD2545-5D46-4044-848C-92ACD6EE3293}.Debug|Any CPU.ActiveCfg = Debug|Any CPU
		{4CDD2545-5D46-4044-848C-92ACD6EE3293}.Debug|Any CPU.Build.0 = Debug|Any CPU
		{4CDD2545-5D46-4044-848C-92ACD6EE3293}.Release|Any CPU.ActiveCfg = Release|Any CPU
		{4CDD2545-5D46-4044-848C-92ACD6EE3293}.Release|Any CPU.Build.0 = Release|Any CPU
		{BE755F43-07CF-4284-80AD-F3502DE184C9}.Debug|Any CPU.ActiveCfg = Debug|Any CPU
		{BE755F43-07CF-4284-80AD-F3502DE184C9}.Debug|Any CPU.Build.0 = Debug|Any CPU
		{BE755F43-07CF-4284-80AD-F3502DE184C9}.Release|Any CPU.ActiveCfg = Release|Any CPU
		{BE755F43-07CF-4284-80AD-F3502DE184C9}.Release|Any CPU.Build.0 = Release|Any CPU
	EndGlobalSection
	GlobalSection(SolutionProperties) = preSolution
		HideSolutionNode = FALSE
	EndGlobalSection
	GlobalSection(ExtensibilityGlobals) = postSolution
		SolutionGuid = {4521BB74-D3C6-4B37-B066-F7CFE0B3F813}
	EndGlobalSection
EndGlobal
